
Microsoft Visual Studio Solution File, Format Version 12.00
# Visual Studio Version 17
VisualStudioVersion = 17.14.36616.10
MinimumVisualStudioVersion = 10.0.40219.1
Project("{FAE04EC0-301F-11D3-BF4B-00C04F79EFBC}") = "EmlakPortal", "EmlakPortal\EmlakPortal.csproj", "{4DCFD368-9913-4C50-A884-F5450BBDECAF}"
EndProject
Global
	GlobalSection(SolutionConfigurationPlatforms) = preSolution
		Debug|Any CPU = Debug|Any CPU
		Release|Any CPU = Release|Any CPU
	EndGlobalSection
	GlobalSection(ProjectConfigurationPlatforms) = postSolution
		{4DCFD368-9913-4C50-A884-F5450BBDECAF}.Debug|Any CPU.ActiveCfg = Debug|Any CPU
		{4DCFD368-9913-4C50-A884-F5450BBDECAF}.Debug|Any CPU.Build.0 = Debug|Any CPU
		{4DCFD368-9913-4C50-A884-F5450BBDECAF}.Release|Any CPU.ActiveCfg = Release|Any CPU
		{4DCFD368-9913-4C50-A884-F5450BBDECAF}.Release|Any CPU.Build.0 = Release|Any CPU
	EndGlobalSection
	GlobalSection(SolutionProperties) = preSolution
		HideSolutionNode = FALSE
	EndGlobalSection
	GlobalSection(ExtensibilityGlobals) = postSolution
		SolutionGuid = {2980C21B-2834-4A68-9A62-855EC4097CF3}
	EndGlobalSection
EndGlobal
